
Microsoft Visual Studio Solution File, Format Version 12.00
# Visual Studio Version 17
VisualStudioVersion = 17.1.32328.378
MinimumVisualStudioVersion = 10.0.40219.1
Project("{FAE04EC0-301F-11D3-BF4B-00C04F79EFBC}") = "NasljedivanjeOpet", "NasljedivanjeOpet\NasljedivanjeOpet.csproj", "{AF99D8D3-0489-44BB-A4CC-C7E2F43FA59B}"
EndProject
Global
	GlobalSection(SolutionConfigurationPlatforms) = preSolution
		Debug|Any CPU = Debug|Any CPU
		Release|Any CPU = Release|Any CPU
	EndGlobalSection
	GlobalSection(ProjectConfigurationPlatforms) = postSolution
		{AF99D8D3-0489-44BB-A4CC-C7E2F43FA59B}.Debug|Any CPU.ActiveCfg = Debug|Any CPU
		{AF99D8D3-0489-44BB-A4CC-C7E2F43FA59B}.Debug|Any CPU.Build.0 = Debug|Any CPU
		{AF99D8D3-0489-44BB-A4CC-C7E2F43FA59B}.Release|Any CPU.ActiveCfg = Release|Any CPU
		{AF99D8D3-0489-44BB-A4CC-C7E2F43FA59B}.Release|Any CPU.Build.0 = Release|Any CPU
	EndGlobalSection
	GlobalSection(SolutionProperties) = preSolution
		HideSolutionNode = FALSE
	EndGlobalSection
	GlobalSection(ExtensibilityGlobals) = postSolution
		SolutionGuid = {A81C1572-8D96-4DE0-ACFF-4C89DE8E37BC}
	EndGlobalSection
EndGlobal
